
Microsoft Visual Studio Solution File, Format Version 12.00
# Visual Studio Version 16
VisualStudioVersion = 16.0.32228.343
MinimumVisualStudioVersion = 10.0.40219.1
Project("{FAE04EC0-301F-11D3-BF4B-00C04F79EFBC}") = "TestProject1", "TestProject1\TestProject1.csproj", "{13E061B8-082B-4248-94F1-19C90320FF01}"
EndProject
Global
	GlobalSection(SolutionConfigurationPlatforms) = preSolution
		Debug|Any CPU = Debug|Any CPU
		Release|Any CPU = Release|Any CPU
	EndGlobalSection
	GlobalSection(ProjectConfigurationPlatforms) = postSolution
		{13E061B8-082B-4248-94F1-19C90320FF01}.Debug|Any CPU.ActiveCfg = Debug|Any CPU
		{13E061B8-082B-4248-94F1-19C90320FF01}.Debug|Any CPU.Build.0 = Debug|Any CPU
		{13E061B8-082B-4248-94F1-19C90320FF01}.Release|Any CPU.ActiveCfg = Release|Any CPU
		{13E061B8-082B-4248-94F1-19C90320FF01}.Release|Any CPU.Build.0 = Release|Any CPU
	EndGlobalSection
	GlobalSection(SolutionProperties) = preSolution
		HideSolutionNode = FALSE
	EndGlobalSection
	GlobalSection(ExtensibilityGlobals) = postSolution
		SolutionGuid = {C06300D6-8BA0-45BC-9C35-399B23839852}
	EndGlobalSection
EndGlobal
